
Microsoft Visual Studio Solution File, Format Version 12.00
# Visual Studio Version 16
VisualStudioVersion = 16.0.30611.23
MinimumVisualStudioVersion = 10.0.40219.1
Project("{FAE04EC0-301F-11D3-BF4B-00C04F79EFBC}") = "SaudeEmCasa", "SaudeEmCasa.csproj", "{35B11784-7D29-4A41-8D65-3F0E7C0943E0}"
EndProject
Global
	GlobalSection(SolutionConfigurationPlatforms) = preSolution
		Debug|Any CPU = Debug|Any CPU
		Release|Any CPU = Release|Any CPU
	EndGlobalSection
	GlobalSection(ProjectConfigurationPlatforms) = postSolution
		{35B11784-7D29-4A41-8D65-3F0E7C0943E0}.Debug|Any CPU.ActiveCfg = Debug|Any CPU
		{35B11784-7D29-4A41-8D65-3F0E7C0943E0}.Debug|Any CPU.Build.0 = Debug|Any CPU
		{35B11784-7D29-4A41-8D65-3F0E7C0943E0}.Release|Any CPU.ActiveCfg = Release|Any CPU
		{35B11784-7D29-4A41-8D65-3F0E7C0943E0}.Release|Any CPU.Build.0 = Release|Any CPU
	EndGlobalSection
	GlobalSection(SolutionProperties) = preSolution
		HideSolutionNode = FALSE
	EndGlobalSection
	GlobalSection(ExtensibilityGlobals) = postSolution
		SolutionGuid = {8BCCA477-77A9-48B4-A0F6-CB5D510A17B9}
	EndGlobalSection
EndGlobal
